
Microsoft Visual Studio Solution File, Format Version 12.00
# Visual Studio Version 17
VisualStudioVersion = 17.5.002.0
MinimumVisualStudioVersion = 10.0.40219.1
Project("{9A19103F-16F7-4668-BE54-9A1E7A4F7556}") = "ETLSimulator", "ETLSimulator\ETLSimulator.csproj", "{972EBD60-92C4-483E-A230-8B2B68FB9F88}"
EndProject
Project("{9A19103F-16F7-4668-BE54-9A1E7A4F7556}") = "GatewaySimulator", "GatewaySimulator\GatewaySimulator.csproj", "{7348C240-C21F-4B0C-9C09-C7B6E58F8B68}"
EndProject
Project("{FAE04EC0-301F-11D3-BF4B-00C04F79EFBC}") = "TagDataSimulator", "TagDataSimulator\TagDataSimulator.csproj", "{6B2CE833-C045-4C7E-9DBA-93E6A5BD12BE}"
EndProject
Project("{FAE04EC0-301F-11D3-BF4B-00C04F79EFBC}") = "MessagingContracts", "MessagingContracts\MessagingContracts.csproj", "{EA964F9B-B61B-42DC-B7F7-9B004A5E9D59}"
EndProject
Global
	GlobalSection(SolutionConfigurationPlatforms) = preSolution
		Debug|Any CPU = Debug|Any CPU
		Release|Any CPU = Release|Any CPU
	EndGlobalSection
	GlobalSection(ProjectConfigurationPlatforms) = postSolution
		{972EBD60-92C4-483E-A230-8B2B68FB9F88}.Debug|Any CPU.ActiveCfg = Debug|Any CPU
		{972EBD60-92C4-483E-A230-8B2B68FB9F88}.Debug|Any CPU.Build.0 = Debug|Any CPU
		{972EBD60-92C4-483E-A230-8B2B68FB9F88}.Release|Any CPU.ActiveCfg = Release|Any CPU
		{972EBD60-92C4-483E-A230-8B2B68FB9F88}.Release|Any CPU.Build.0 = Release|Any CPU
		{7348C240-C21F-4B0C-9C09-C7B6E58F8B68}.Debug|Any CPU.ActiveCfg = Debug|Any CPU
		{7348C240-C21F-4B0C-9C09-C7B6E58F8B68}.Debug|Any CPU.Build.0 = Debug|Any CPU
		{7348C240-C21F-4B0C-9C09-C7B6E58F8B68}.Release|Any CPU.ActiveCfg = Release|Any CPU
		{7348C240-C21F-4B0C-9C09-C7B6E58F8B68}.Release|Any CPU.Build.0 = Release|Any CPU
		{6B2CE833-C045-4C7E-9DBA-93E6A5BD12BE}.Debug|Any CPU.ActiveCfg = Debug|Any CPU
		{6B2CE833-C045-4C7E-9DBA-93E6A5BD12BE}.Debug|Any CPU.Build.0 = Debug|Any CPU
		{6B2CE833-C045-4C7E-9DBA-93E6A5BD12BE}.Release|Any CPU.ActiveCfg = Release|Any CPU
		{6B2CE833-C045-4C7E-9DBA-93E6A5BD12BE}.Release|Any CPU.Build.0 = Release|Any CPU
		{EA964F9B-B61B-42DC-B7F7-9B004A5E9D59}.Debug|Any CPU.ActiveCfg = Debug|Any CPU
		{EA964F9B-B61B-42DC-B7F7-9B004A5E9D59}.Debug|Any CPU.Build.0 = Debug|Any CPU
		{EA964F9B-B61B-42DC-B7F7-9B004A5E9D59}.Release|Any CPU.ActiveCfg = Release|Any CPU
		{EA964F9B-B61B-42DC-B7F7-9B004A5E9D59}.Release|Any CPU.Build.0 = Release|Any CPU
	EndGlobalSection
	GlobalSection(SolutionProperties) = preSolution
		HideSolutionNode = FALSE
	EndGlobalSection
	GlobalSection(ExtensibilityGlobals) = postSolution
		SolutionGuid = {B3FD60E8-A80D-4A2D-A33E-83CCF2594340}
	EndGlobalSection
EndGlobal
